
Microsoft Visual Studio Solution File, Format Version 12.00
# Visual Studio Version 17
VisualStudioVersion = 17.3.32929.385
MinimumVisualStudioVersion = 10.0.40219.1
Project("{9A19103F-16F7-4668-BE54-9A1E7A4F7556}") = "PokemonReviewsApp", "PokemonReviewsApp.csproj", "{BEBB97F0-1251-4529-AF2F-5228EBD997D1}"
EndProject
Global
	GlobalSection(SolutionConfigurationPlatforms) = preSolution
		Debug|Any CPU = Debug|Any CPU
		Release|Any CPU = Release|Any CPU
	EndGlobalSection
	GlobalSection(ProjectConfigurationPlatforms) = postSolution
		{BEBB97F0-1251-4529-AF2F-5228EBD997D1}.Debug|Any CPU.ActiveCfg = Debug|Any CPU
		{BEBB97F0-1251-4529-AF2F-5228EBD997D1}.Debug|Any CPU.Build.0 = Debug|Any CPU
		{BEBB97F0-1251-4529-AF2F-5228EBD997D1}.Release|Any CPU.ActiveCfg = Release|Any CPU
		{BEBB97F0-1251-4529-AF2F-5228EBD997D1}.Release|Any CPU.Build.0 = Release|Any CPU
	EndGlobalSection
	GlobalSection(SolutionProperties) = preSolution
		HideSolutionNode = FALSE
	EndGlobalSection
	GlobalSection(ExtensibilityGlobals) = postSolution
		SolutionGuid = {522D8902-7BF2-4BA8-B87F-41FB0D21A349}
	EndGlobalSection
EndGlobal
